
Microsoft Visual Studio Solution File, Format Version 10.00
# Visual Studio 2008
Project("{8BC9CEB8-8B4A-11D0-8D11-00A0C91BC942}") = "hic_crc", "hic_crc\hic_crc.vcproj", "{C21852A9-8726-4A73-99FC-B4FE458A81BE}"
EndProject
Global
	GlobalSection(SolutionConfigurationPlatforms) = preSolution
		Debug|Win32 = Debug|Win32
		Release|Win32 = Release|Win32
	EndGlobalSection
	GlobalSection(ProjectConfigurationPlatforms) = postSolution
		{C21852A9-8726-4A73-99FC-B4FE458A81BE}.Debug|Win32.ActiveCfg = Release|Win32
		{C21852A9-8726-4A73-99FC-B4FE458A81BE}.Debug|Win32.Build.0 = Release|Win32
		{C21852A9-8726-4A73-99FC-B4FE458A81BE}.Release|Win32.ActiveCfg = Release|Win32
		{C21852A9-8726-4A73-99FC-B4FE458A81BE}.Release|Win32.Build.0 = Release|Win32
	EndGlobalSection
	GlobalSection(SolutionProperties) = preSolution
		HideSolutionNode = FALSE
	EndGlobalSection
EndGlobal
